
Microsoft Visual Studio Solution File, Format Version 11.00
# Visual Studio 2010
Project("{FAE04EC0-301F-11D3-BF4B-00C04F79EFBC}") = "Snake", "Snake\Snake.csproj", "{15BC6314-4B0C-43A9-8773-8057DFFBEBC3}"
EndProject
Global
	GlobalSection(SolutionConfigurationPlatforms) = preSolution
		Debug|x86 = Debug|x86
		Release|x86 = Release|x86
	EndGlobalSection
	GlobalSection(ProjectConfigurationPlatforms) = postSolution
		{15BC6314-4B0C-43A9-8773-8057DFFBEBC3}.Debug|x86.ActiveCfg = Debug|x86
		{15BC6314-4B0C-43A9-8773-8057DFFBEBC3}.Debug|x86.Build.0 = Debug|x86
		{15BC6314-4B0C-43A9-8773-8057DFFBEBC3}.Release|x86.ActiveCfg = Release|x86
		{15BC6314-4B0C-43A9-8773-8057DFFBEBC3}.Release|x86.Build.0 = Release|x86
	EndGlobalSection
	GlobalSection(MonoDevelopProperties) = preSolution
		StartupItem = Snake\Snake.csproj
	EndGlobalSection
EndGlobal
